
Microsoft Visual Studio Solution File, Format Version 12.00
# Visual Studio Version 17
VisualStudioVersion = 17.0.31903.59
MinimumVisualStudioVersion = 10.0.40219.1
Project("{2150E333-8FDC-42A3-9474-1A3956D46DE8}") = "src", "src", "{827E0CD3-B72D-47B6-A68D-7590B98EB39B}"
EndProject
Project("{FAE04EC0-301F-11D3-BF4B-00C04F79EFBC}") = "LibA", "src\LibA\LibA.csproj", "{16F8C82F-6C7F-403C-992E-87622DA87FC3}"
EndProject
Project("{FAE04EC0-301F-11D3-BF4B-00C04F79EFBC}") = "SvcA", "src\SvcA\SvcA.csproj", "{F87FC236-74C8-4F79-B35B-1B0D0FF894A9}"
EndProject
Project("{FAE04EC0-301F-11D3-BF4B-00C04F79EFBC}") = "WebA", "src\WebA\WebA.csproj", "{7B9569BE-FF97-4C53-B17F-DD7AD6A75E15}"
EndProject
Project("{2150E333-8FDC-42A3-9474-1A3956D46DE8}") = "tests", "tests", "{0AB3BF05-4346-4AA6-1389-037BE0695223}"
EndProject
Project("{FAE04EC0-301F-11D3-BF4B-00C04F79EFBC}") = "LibA.UnitTests", "tests\LibA.UnitTests\LibA.UnitTests.csproj", "{7C806808-6915-47A0-8162-FD4F0E468300}"
EndProject
Project("{FAE04EC0-301F-11D3-BF4B-00C04F79EFBC}") = "SvcA.IntegrationTests", "tests\SvcA.IntegrationTests\SvcA.IntegrationTests.csproj", "{246FFB30-8B18-414C-9D38-1D2B2F4F1324}"
EndProject
Project("{FAE04EC0-301F-11D3-BF4B-00C04F79EFBC}") = "WebA.ComponentTests", "tests\WebA.ComponentTests\WebA.ComponentTests.csproj", "{2FC26C00-FA30-48D2-85AA-43542EAC79D5}"
EndProject
Project("{FAE04EC0-301F-11D3-BF4B-00C04F79EFBC}") = "WebA.E2ETests", "tests\WebA.E2ETests\WebA.E2ETests.csproj", "{6C940792-4C5C-4DEA-B0E3-2A344EEE78F3}"
EndProject
Global
	GlobalSection(SolutionConfigurationPlatforms) = preSolution
		Debug|Any CPU = Debug|Any CPU
		Debug|x64 = Debug|x64
		Debug|x86 = Debug|x86
		Release|Any CPU = Release|Any CPU
		Release|x64 = Release|x64
		Release|x86 = Release|x86
	EndGlobalSection
	GlobalSection(ProjectConfigurationPlatforms) = postSolution
		{16F8C82F-6C7F-403C-992E-87622DA87FC3}.Debug|Any CPU.ActiveCfg = Debug|Any CPU
		{16F8C82F-6C7F-403C-992E-87622DA87FC3}.Debug|Any CPU.Build.0 = Debug|Any CPU
		{16F8C82F-6C7F-403C-992E-87622DA87FC3}.Debug|x64.ActiveCfg = Debug|Any CPU
		{16F8C82F-6C7F-403C-992E-87622DA87FC3}.Debug|x64.Build.0 = Debug|Any CPU
		{16F8C82F-6C7F-403C-992E-87622DA87FC3}.Debug|x86.ActiveCfg = Debug|Any CPU
		{16F8C82F-6C7F-403C-992E-87622DA87FC3}.Debug|x86.Build.0 = Debug|Any CPU
		{16F8C82F-6C7F-403C-992E-87622DA87FC3}.Release|Any CPU.ActiveCfg = Release|Any CPU
		{16F8C82F-6C7F-403C-992E-87622DA87FC3}.Release|Any CPU.Build.0 = Release|Any CPU
		{16F8C82F-6C7F-403C-992E-87622DA87FC3}.Release|x64.ActiveCfg = Release|Any CPU
		{16F8C82F-6C7F-403C-992E-87622DA87FC3}.Release|x64.Build.0 = Release|Any CPU
		{16F8C82F-6C7F-403C-992E-87622DA87FC3}.Release|x86.ActiveCfg = Release|Any CPU
		{16F8C82F-6C7F-403C-992E-87622DA87FC3}.Release|x86.Build.0 = Release|Any CPU
		{F87FC236-74C8-4F79-B35B-1B0D0FF894A9}.Debug|Any CPU.ActiveCfg = Debug|Any CPU
		{F87FC236-74C8-4F79-B35B-1B0D0FF894A9}.Debug|Any CPU.Build.0 = Debug|Any CPU
		{F87FC236-74C8-4F79-B35B-1B0D0FF894A9}.Debug|x64.ActiveCfg = Debug|Any CPU
		{F87FC236-74C8-4F79-B35B-1B0D0FF894A9}.Debug|x64.Build.0 = Debug|Any CPU
		{F87FC236-74C8-4F79-B35B-1B0D0FF894A9}.Debug|x86.ActiveCfg = Debug|Any CPU
		{F87FC236-74C8-4F79-B35B-1B0D0FF894A9}.Debug|x86.Build.0 = Debug|Any CPU
		{F87FC236-74C8-4F79-B35B-1B0D0FF894A9}.Release|Any CPU.ActiveCfg = Release|Any CPU
		{F87FC236-74C8-4F79-B35B-1B0D0FF894A9}.Release|Any CPU.Build.0 = Release|Any CPU
		{F87FC236-74C8-4F79-B35B-1B0D0FF894A9}.Release|x64.ActiveCfg = Release|Any CPU
		{F87FC236-74C8-4F79-B35B-1B0D0FF894A9}.Release|x64.Build.0 = Release|Any CPU
		{F87FC236-74C8-4F79-B35B-1B0D0FF894A9}.Release|x86.ActiveCfg = Release|Any CPU
		{F87FC236-74C8-4F79-B35B-1B0D0FF894A9}.Release|x86.Build.0 = Release|Any CPU
		{7B9569BE-FF97-4C53-B17F-DD7AD6A75E15}.Debug|Any CPU.ActiveCfg = Debug|Any CPU
		{7B9569BE-FF97-4C53-B17F-DD7AD6A75E15}.Debug|Any CPU.Build.0 = Debug|Any CPU
		{7B9569BE-FF97-4C53-B17F-DD7AD6A75E15}.Debug|x64.ActiveCfg = Debug|Any CPU
		{7B9569BE-FF97-4C53-B17F-DD7AD6A75E15}.Debug|x64.Build.0 = Debug|Any CPU
		{7B9569BE-FF97-4C53-B17F-DD7AD6A75E15}.Debug|x86.ActiveCfg = Debug|Any CPU
		{7B9569BE-FF97-4C53-B17F-DD7AD6A75E15}.Debug|x86.Build.0 = Debug|Any CPU
		{7B9569BE-FF97-4C53-B17F-DD7AD6A75E15}.Release|Any CPU.ActiveCfg = Release|Any CPU
		{7B9569BE-FF97-4C53-B17F-DD7AD6A75E15}.Release|Any CPU.Build.0 = Release|Any CPU
		{7B9569BE-FF97-4C53-B17F-DD7AD6A75E15}.Release|x64.ActiveCfg = Release|Any CPU
		{7B9569BE-FF97-4C53-B17F-DD7AD6A75E15}.Release|x64.Build.0 = Release|Any CPU
		{7B9569BE-FF97-4C53-B17F-DD7AD6A75E15}.Release|x86.ActiveCfg = Release|Any CPU
		{7B9569BE-FF97-4C53-B17F-DD7AD6A75E15}.Release|x86.Build.0 = Release|Any CPU
		{7C806808-6915-47A0-8162-FD4F0E468300}.Debug|Any CPU.ActiveCfg = Debug|Any CPU
		{7C806808-6915-47A0-8162-FD4F0E468300}.Debug|Any CPU.Build.0 = Debug|Any CPU
		{7C806808-6915-47A0-8162-FD4F0E468300}.Debug|x64.ActiveCfg = Debug|Any CPU
		{7C806808-6915-47A0-8162-FD4F0E468300}.Debug|x64.Build.0 = Debug|Any CPU
		{7C806808-6915-47A0-8162-FD4F0E468300}.Debug|x86.ActiveCfg = Debug|Any CPU
		{7C806808-6915-47A0-8162-FD4F0E468300}.Debug|x86.Build.0 = Debug|Any CPU
		{7C806808-6915-47A0-8162-FD4F0E468300}.Release|Any CPU.ActiveCfg = Release|Any CPU
		{7C806808-6915-47A0-8162-FD4F0E468300}.Release|Any CPU.Build.0 = Release|Any CPU
		{7C806808-6915-47A0-8162-FD4F0E468300}.Release|x64.ActiveCfg = Release|Any CPU
		{7C806808-6915-47A0-8162-FD4F0E468300}.Release|x64.Build.0 = Release|Any CPU
		{7C806808-6915-47A0-8162-FD4F0E468300}.Release|x86.ActiveCfg = Release|Any CPU
		{7C806808-6915-47A0-8162-FD4F0E468300}.Release|x86.Build.0 = Release|Any CPU
		{246FFB30-8B18-414C-9D38-1D2B2F4F1324}.Debug|Any CPU.ActiveCfg = Debug|Any CPU
		{246FFB30-8B18-414C-9D38-1D2B2F4F1324}.Debug|Any CPU.Build.0 = Debug|Any CPU
		{246FFB30-8B18-414C-9D38-1D2B2F4F1324}.Debug|x64.ActiveCfg = Debug|Any CPU
		{246FFB30-8B18-414C-9D38-1D2B2F4F1324}.Debug|x64.Build.0 = Debug|Any CPU
		{246FFB30-8B18-414C-9D38-1D2B2F4F1324}.Debug|x86.ActiveCfg = Debug|Any CPU
		{246FFB30-8B18-414C-9D38-1D2B2F4F1324}.Debug|x86.Build.0 = Debug|Any CPU
		{246FFB30-8B18-414C-9D38-1D2B2F4F1324}.Release|Any CPU.ActiveCfg = Release|Any CPU
		{246FFB30-8B18-414C-9D38-1D2B2F4F1324}.Release|Any CPU.Build.0 = Release|Any CPU
		{246FFB30-8B18-414C-9D38-1D2B2F4F1324}.Release|x64.ActiveCfg = Release|Any CPU
		{246FFB30-8B18-414C-9D38-1D2B2F4F1324}.Release|x64.Build.0 = Release|Any CPU
		{246FFB30-8B18-414C-9D38-1D2B2F4F1324}.Release|x86.ActiveCfg = Release|Any CPU
		{246FFB30-8B18-414C-9D38-1D2B2F4F1324}.Release|x86.Build.0 = Release|Any CPU
		{2FC26C00-FA30-48D2-85AA-43542EAC79D5}.Debug|Any CPU.ActiveCfg = Debug|Any CPU
		{2FC26C00-FA30-48D2-85AA-43542EAC79D5}.Debug|Any CPU.Build.0 = Debug|Any CPU
		{2FC26C00-FA30-48D2-85AA-43542EAC79D5}.Debug|x64.ActiveCfg = Debug|Any CPU
		{2FC26C00-FA30-48D2-85AA-43542EAC79D5}.Debug|x64.Build.0 = Debug|Any CPU
		{2FC26C00-FA30-48D2-85AA-43542EAC79D5}.Debug|x86.ActiveCfg = Debug|Any CPU
		{2FC26C00-FA30-48D2-85AA-43542EAC79D5}.Debug|x86.Build.0 = Debug|Any CPU
		{2FC26C00-FA30-48D2-85AA-43542EAC79D5}.Release|Any CPU.ActiveCfg = Release|Any CPU
		{2FC26C00-FA30-48D2-85AA-43542EAC79D5}.Release|Any CPU.Build.0 = Release|Any CPU
		{2FC26C00-FA30-48D2-85AA-43542EAC79D5}.Release|x64.ActiveCfg = Release|Any CPU
		{2FC26C00-FA30-48D2-85AA-43542EAC79D5}.Release|x64.Build.0 = Release|Any CPU
		{2FC26C00-FA30-48D2-85AA-43542EAC79D5}.Release|x86.ActiveCfg = Release|Any CPU
		{2FC26C00-FA30-48D2-85AA-43542EAC79D5}.Release|x86.Build.0 = Release|Any CPU
		{6C940792-4C5C-4DEA-B0E3-2A344EEE78F3}.Debug|Any CPU.ActiveCfg = Debug|Any CPU
		{6C940792-4C5C-4DEA-B0E3-2A344EEE78F3}.Debug|Any CPU.Build.0 = Debug|Any CPU
		{6C940792-4C5C-4DEA-B0E3-2A344EEE78F3}.Debug|x64.ActiveCfg = Debug|Any CPU
		{6C940792-4C5C-4DEA-B0E3-2A344EEE78F3}.Debug|x64.Build.0 = Debug|Any CPU
		{6C940792-4C5C-4DEA-B0E3-2A344EEE78F3}.Debug|x86.ActiveCfg = Debug|Any CPU
		{6C940792-4C5C-4DEA-B0E3-2A344EEE78F3}.Debug|x86.Build.0 = Debug|Any CPU
		{6C940792-4C5C-4DEA-B0E3-2A344EEE78F3}.Release|Any CPU.ActiveCfg = Release|Any CPU
		{6C940792-4C5C-4DEA-B0E3-2A344EEE78F3}.Release|Any CPU.Build.0 = Release|Any CPU
		{6C940792-4C5C-4DEA-B0E3-2A344EEE78F3}.Release|x64.ActiveCfg = Release|Any CPU
		{6C940792-4C5C-4DEA-B0E3-2A344EEE78F3}.Release|x64.Build.0 = Release|Any CPU
		{6C940792-4C5C-4DEA-B0E3-2A344EEE78F3}.Release|x86.ActiveCfg = Release|Any CPU
		{6C940792-4C5C-4DEA-B0E3-2A344EEE78F3}.Release|x86.Build.0 = Release|Any CPU
	EndGlobalSection
	GlobalSection(SolutionProperties) = preSolution
		HideSolutionNode = FALSE
	EndGlobalSection
	GlobalSection(NestedProjects) = preSolution
		{16F8C82F-6C7F-403C-992E-87622DA87FC3} = {827E0CD3-B72D-47B6-A68D-7590B98EB39B}
		{F87FC236-74C8-4F79-B35B-1B0D0FF894A9} = {827E0CD3-B72D-47B6-A68D-7590B98EB39B}
		{7B9569BE-FF97-4C53-B17F-DD7AD6A75E15} = {827E0CD3-B72D-47B6-A68D-7590B98EB39B}
		{7C806808-6915-47A0-8162-FD4F0E468300} = {0AB3BF05-4346-4AA6-1389-037BE0695223}
		{246FFB30-8B18-414C-9D38-1D2B2F4F1324} = {0AB3BF05-4346-4AA6-1389-037BE0695223}
		{2FC26C00-FA30-48D2-85AA-43542EAC79D5} = {0AB3BF05-4346-4AA6-1389-037BE0695223}
		{6C940792-4C5C-4DEA-B0E3-2A344EEE78F3} = {0AB3BF05-4346-4AA6-1389-037BE0695223}
	EndGlobalSection
EndGlobal
